
Microsoft Visual Studio Solution File, Format Version 12.00
# Visual Studio 15
VisualStudioVersion = 15.0.28307.1209
MinimumVisualStudioVersion = 10.0.40219.1
Project("{888888A0-9F3D-457C-B088-3A5042F75D52}") = "AuTuMN", "AuTuMN.pyproj", "{3ECA8556-3EC9-4A46-A0D6-B1401CFC957B}"
EndProject
Global
	GlobalSection(SolutionConfigurationPlatforms) = preSolution
		Debug|Any CPU = Debug|Any CPU
		Release|Any CPU = Release|Any CPU
	EndGlobalSection
	GlobalSection(ProjectConfigurationPlatforms) = postSolution
		{3ECA8556-3EC9-4A46-A0D6-B1401CFC957B}.Debug|Any CPU.ActiveCfg = Debug|Any CPU
		{3ECA8556-3EC9-4A46-A0D6-B1401CFC957B}.Release|Any CPU.ActiveCfg = Release|Any CPU
	EndGlobalSection
	GlobalSection(SolutionProperties) = preSolution
		HideSolutionNode = FALSE
	EndGlobalSection
	GlobalSection(ExtensibilityGlobals) = postSolution
		SolutionGuid = {1E63C8A7-467F-4B31-B5FA-8AE2FF8F63A1}
	EndGlobalSection
EndGlobal
